
Microsoft Visual Studio Solution File, Format Version 12.00
# Visual Studio Version 16
VisualStudioVersion = 16.0.31410.357
MinimumVisualStudioVersion = 10.0.40219.1
Project("{FAE04EC0-301F-11D3-BF4B-00C04F79EFBC}") = "rat", "rat\rat.csproj", "{A5923DB6-2269-4A42-BD32-44819FA06E60}"
EndProject
Global
	GlobalSection(SolutionConfigurationPlatforms) = preSolution
		Debug|Any CPU = Debug|Any CPU
		Release|Any CPU = Release|Any CPU
	EndGlobalSection
	GlobalSection(ProjectConfigurationPlatforms) = postSolution
		{A5923DB6-2269-4A42-BD32-44819FA06E60}.Debug|Any CPU.ActiveCfg = Debug|Any CPU
		{A5923DB6-2269-4A42-BD32-44819FA06E60}.Debug|Any CPU.Build.0 = Debug|Any CPU
		{A5923DB6-2269-4A42-BD32-44819FA06E60}.Release|Any CPU.ActiveCfg = Release|Any CPU
		{A5923DB6-2269-4A42-BD32-44819FA06E60}.Release|Any CPU.Build.0 = Release|Any CPU
	EndGlobalSection
	GlobalSection(SolutionProperties) = preSolution
		HideSolutionNode = FALSE
	EndGlobalSection
	GlobalSection(ExtensibilityGlobals) = postSolution
		SolutionGuid = {1E2340C4-CB2E-4551-80A1-C4F362092A97}
	EndGlobalSection
EndGlobal
